{
  "version": 4,
  "terraform_version": "1.4.2",
  "serial": 16,
  "lineage": "43f7612b-2568-8e8d-bc3e-a35ae1b89c7f",
  "outputs": {
    "kubernetes_cluster_host": {
      "value": "34.66.247.223",
      "type": "string"
    },
    "kubernetes_cluster_name": {
      "value": "at1xuior6obet2v08788vh0bhguprg-gke",
      "type": "string"
    },
    "project_id": {
      "value": "at1xuior6obet2v08788vh0bhguprg",
      "type": "string"
    },
    "region": {
      "value": "us-central1",
      "type": "string"
    }
  },
  "resources": [
    {
      "mode": "managed",
      "type": "google_compute_network",
      "name": "vpc",
      "provider": "provider[\"registry.terraform.io/hashicorp/google\"]",
      "instances": [
        {
          "schema_version": 0,
          "attributes": {
            "auto_create_subnetworks": false,
            "delete_default_routes_on_create": false,
            "description": "",
            "enable_ula_internal_ipv6": false,
            "gateway_ipv4": "",
            "id": "projects/at1xuior6obet2v08788vh0bhguprg/global/networks/at1xuior6obet2v08788vh0bhguprg-vpc",
            "internal_ipv6_range": "",
            "mtu": 0,
            "name": "at1xuior6obet2v08788vh0bhguprg-vpc",
            "project": "at1xuior6obet2v08788vh0bhguprg",
            "routing_mode": "REGIONAL",
            "self_link": "https://www.googleapis.com/compute/v1/projects/at1xuior6obet2v08788vh0bhguprg/global/networks/at1xuior6obet2v08788vh0bhguprg-vpc",
            "timeouts": null
          },
          "sensitive_attributes": [],
          "private": "eyJlMmJmYjczMC1lY2FhLTExZTYtOGY4OC0zNDM2M2JjN2M0YzAiOnsiY3JlYXRlIjoxMjAwMDAwMDAwMDAwLCJkZWxldGUiOjEyMDAwMDAwMDAwMDAsInVwZGF0ZSI6MTIwMDAwMDAwMDAwMH19"
        }
      ]
    },
    {
      "mode": "managed",
      "type": "google_compute_subnetwork",
      "name": "subnet",
      "provider": "provider[\"registry.terraform.io/hashicorp/google\"]",
      "instances": [
        {
          "schema_version": 0,
          "attributes": {
            "creation_timestamp": "2023-03-25T05:24:50.631-07:00",
            "description": "",
            "external_ipv6_prefix": "",
            "fingerprint": null,
            "gateway_address": "10.10.0.1",
            "id": "projects/at1xuior6obet2v08788vh0bhguprg/regions/us-central1/subnetworks/at1xuior6obet2v08788vh0bhguprg-subnet",
            "ip_cidr_range": "10.10.0.0/24",
            "ipv6_access_type": "",
            "ipv6_cidr_range": "",
            "log_config": [],
            "name": "at1xuior6obet2v08788vh0bhguprg-subnet",
            "network": "https://www.googleapis.com/compute/v1/projects/at1xuior6obet2v08788vh0bhguprg/global/networks/at1xuior6obet2v08788vh0bhguprg-vpc",
            "private_ip_google_access": true,
            "private_ipv6_google_access": "DISABLE_GOOGLE_ACCESS",
            "project": "at1xuior6obet2v08788vh0bhguprg",
            "purpose": "PRIVATE",
            "region": "us-central1",
            "role": "",
            "secondary_ip_range": [],
            "self_link": "https://www.googleapis.com/compute/v1/projects/at1xuior6obet2v08788vh0bhguprg/regions/us-central1/subnetworks/at1xuior6obet2v08788vh0bhguprg-subnet",
            "stack_type": "IPV4_ONLY",
            "timeouts": null
          },
          "sensitive_attributes": [],
          "private": "eyJlMmJmYjczMC1lY2FhLTExZTYtOGY4OC0zNDM2M2JjN2M0YzAiOnsiY3JlYXRlIjoxMjAwMDAwMDAwMDAwLCJkZWxldGUiOjEyMDAwMDAwMDAwMDAsInVwZGF0ZSI6MTIwMDAwMDAwMDAwMH19",
          "dependencies": [
            "google_compute_network.vpc"
          ]
        }
      ]
    },
    {
      "mode": "managed",
      "type": "google_container_cluster",
      "name": "primary",
      "provider": "provider[\"registry.terraform.io/hashicorp/google\"]",
      "instances": [
        {
          "schema_version": 1,
          "attributes": {
            "addons_config": [
              {
                "cloudrun_config": [],
                "gcp_filestore_csi_driver_config": [],
                "horizontal_pod_autoscaling": [],
                "http_load_balancing": [],
                "network_policy_config": [
                  {
                    "disabled": true
                  }
                ]
              }
            ],
            "authenticator_groups_config": [],
            "cluster_autoscaling": [
              {
                "auto_provisioning_defaults": [],
                "enabled": false,
                "resource_limits": []
              }
            ],
            "cluster_ipv4_cidr": "10.124.0.0/14",
            "confidential_nodes": [],
            "database_encryption": [
              {
                "key_name": "",
                "state": "DECRYPTED"
              }
            ],
            "datapath_provider": "",
            "default_max_pods_per_node": null,
            "default_snat_status": [
              {
                "disabled": false
              }
            ],
            "description": "",
            "dns_config": [],
            "enable_autopilot": false,
            "enable_binary_authorization": false,
            "enable_intranode_visibility": false,
            "enable_kubernetes_alpha": false,
            "enable_legacy_abac": false,
            "enable_shielded_nodes": true,
            "enable_tpu": false,
            "endpoint": "34.66.247.223",
            "id": "projects/at1xuior6obet2v08788vh0bhguprg/locations/us-central1/clusters/at1xuior6obet2v08788vh0bhguprg-gke",
            "initial_node_count": 1,
            "ip_allocation_policy": [],
            "label_fingerprint": "a9dc16a7",
            "location": "us-central1",
            "logging_config": [
              {
                "enable_components": [
                  "SYSTEM_COMPONENTS",
                  "WORKLOADS"
                ]
              }
            ],
            "logging_service": "logging.googleapis.com/kubernetes",
            "maintenance_policy": [],
            "master_auth": [
              {
                "client_certificate": "",
                "client_certificate_config": [
                  {
                    "issue_client_certificate": false
                  }
                ],
                "client_key": "",
                "cluster_ca_certificate": "LS0tLS1CRUdJTiBDRVJUSUZJQ0FURS0tLS0tCk1JSUVMVENDQXBXZ0F3SUJBZ0lSQVBYSjVHaUxqeDkxdFJwZlRuZXZiaFl3RFFZSktvWklodmNOQVFFTEJRQXcKTHpFdE1Dc0dBMVVFQXhNa1lqWmpZalUyT1dJdE9XRTFOeTAwTURFMExUbGtZVE10WVRreE1tWXpOakJrTURGagpNQ0FYRFRJek1ETXlOVEV4TWpVd00xb1lEekl3TlRNd016RTNNVEl5TlRBeldqQXZNUzB3S3dZRFZRUURFeVJpCk5tTmlOVFk1WWkwNVlUVTNMVFF3TVRRdE9XUmhNeTFoT1RFeVpqTTJNR1F3TVdNd2dnR2lNQTBHQ1NxR1NJYjMKRFFFQkFRVUFBNElCandBd2dnR0tBb0lCZ1FEamxYWEJmTnBYcmtrQXo0Qi84dTZEZGlKOSswcmd4dGlyQnZsUgpLcmpsMUxtM0FZM1g5bFNrUHJzWTB1VTlzN2ZXQ3ZTRk5FTFVnR3U2aFJnclVBbDBWM3V4QTF1NW84eDlkYWZkCmJSV25KQ1lRRWx5blpZV2h6VmxvR0JseHJmRW8rZVVxc0VhYWx5NTd2RzFjZ1E5b2tyZ2lIczA1SGgrSmhsc3EKa1EyMkdXMU0vZmx5UU1ZVDhYbmZMWEFJWVI0Y2hWTjRTZmoyWlBqYTd6a1RLbHRrQzNZOFRvNkUyOXJjVUs2QwpLVERHd045VDIvbXVKZU9NWHBnZ1J4aTcxUDgxSy9QZGxuaVdQNllvV2pPZStZWDF5aFZsSTArZnNEMUVVTlN5CjVIYzRUMkpqZSsvbE5lMWpnOENJWm02Rjc0T1h1YU5oc3dyNmdaMDZWMTZ4RDM1QkduamFlbkN4cUNLblpEc2gKMU9qcGprTkFNd3djaFNsa2w2SW56OE5DdjZnN29DbXVFbWpBdGpVYStxNUN4aHV4RlJIYnc1K2JnOXpTWnlneAp1VjdkMzRLeXNURjRSeU1PNStkMjEvb0xWUnYzRkFETGxkeCtUcENEbS9RNW0rVG42TkFHUzlLRmdpNkhXbUNRCk9tNi9ySnQveVYvczF2WVFHamIzZEtOdGFIMENBd0VBQWFOQ01FQXdEZ1lEVlIwUEFRSC9CQVFEQWdJRU1BOEcKQTFVZEV3RUIvd1FGTUFNQkFmOHdIUVlEVlIwT0JCWUVGQ0ZxVE1ES2RVYjBFWXkwRmdscHg2ME5WdXluTUEwRwpDU3FHU0liM0RRRUJDd1VBQTRJQmdRQTBIVllGR0NjQW45c1FMdHd6S01TanV6RHBKK1hkay9oVE5xNU9PamJuCkZ6eEZ1RExzQ212bzFMMzlXVktyUmJUNUFMQmJMMU0vUll0Zlh1SzRrK1g5bldoT3ZIMy9CU3AyNFV1Z2dRSmoKazAxazRSbTZBU0lSYTRjT2ZMbFNFbVBzVlQ2ZEdYNFFQMGhlL0s2cEd1Z0RuLzJlVmFYZm10S0Y4SlEwUDRJcwpEb1djTlBOSG5QOXdQcG1qRGlPWDJ0MUpIa3NlaDVqeDlWd2pnNHpYSGttNU50YmozYmxRd1NxWmtIcmZFYjE4CjV1WU5MbVlGVkFIVkJVczFjc09iTTdoYlRRYW5FVmxBbm01aVcvNlRaZExyVFltaVNvbkFOL0JFdXo2L2xSeTUKL1ZsOTNBTENiKzlNZlpaT0xlV25CcytPaFVIV2FTcWs0K0RDU25vVTlZSG4xaG5BMi90L3B2TDh0emdXWTRTagpGRm1DUjQ3eHZEaDludGVDbnFMeldqblVIMVV1MldUdVBEU3pwVHJkb0dOcVdsVW9NRHc3NFMvQjNORDkrQm9UCndlVjNrcEc2ZUdlVzF6QmwvS1U5ckl4NmhXWTVsMStHR0JrQUJnWUI5T2k4ek5sL0J4eVFkdm9xYTE4bUtKVHMKd1BYbG4yT3V0T2pvaDRYZzZMN0FiczA9Ci0tLS0tRU5EIENFUlRJRklDQVRFLS0tLS0K"
              }
            ],
            "master_authorized_networks_config": [],
            "master_version": "1.24.9-gke.3200",
            "min_master_version": null,
            "monitoring_config": [
              {
                "enable_components": [
                  "SYSTEM_COMPONENTS"
                ]
              }
            ],
            "monitoring_service": "monitoring.googleapis.com/kubernetes",
            "name": "at1xuior6obet2v08788vh0bhguprg-gke",
            "network": "projects/at1xuior6obet2v08788vh0bhguprg/global/networks/at1xuior6obet2v08788vh0bhguprg-vpc",
            "network_policy": [
              {
                "enabled": false,
                "provider": "PROVIDER_UNSPECIFIED"
              }
            ],
            "networking_mode": "ROUTES",
            "node_config": [
              {
                "boot_disk_kms_key": "",
                "disk_size_gb": 100,
                "disk_type": "pd-balanced",
                "gcfs_config": [],
                "guest_accelerator": [],
                "gvnic": [],
                "image_type": "COS_CONTAINERD",
                "labels": {
                  "env": "at1xuior6obet2v08788vh0bhguprg"
                },
                "local_ssd_count": 0,
                "machine_type": "n1-standard-1",
                "metadata": {
                  "disable-legacy-endpoints": "true"
                },
                "min_cpu_platform": "",
                "node_group": "",
                "oauth_scopes": [
                  "https://www.googleapis.com/auth/logging.write",
                  "https://www.googleapis.com/auth/monitoring"
                ],
                "preemptible": false,
                "service_account": "default",
                "shielded_instance_config": [
                  {
                    "enable_integrity_monitoring": true,
                    "enable_secure_boot": false
                  }
                ],
                "spot": false,
                "tags": [
                  "gke-node",
                  "at1xuior6obet2v08788vh0bhguprg-gke"
                ],
                "taint": [],
                "workload_metadata_config": []
              }
            ],
            "node_locations": [
              "us-central1-a",
              "us-central1-b",
              "us-central1-c"
            ],
            "node_pool": [
              {
                "autoscaling": [],
                "initial_node_count": 1,
                "instance_group_urls": [
                  "https://www.googleapis.com/compute/v1/projects/at1xuior6obet2v08788vh0bhguprg/zones/us-central1-a/instanceGroupManagers/gke-at1xuior6obet2v0-at1xuior6obet2v0-8d85dea6-grp",
                  "https://www.googleapis.com/compute/v1/projects/at1xuior6obet2v08788vh0bhguprg/zones/us-central1-c/instanceGroupManagers/gke-at1xuior6obet2v0-at1xuior6obet2v0-7024c86c-grp",
                  "https://www.googleapis.com/compute/v1/projects/at1xuior6obet2v08788vh0bhguprg/zones/us-central1-b/instanceGroupManagers/gke-at1xuior6obet2v0-at1xuior6obet2v0-dc6617cd-grp"
                ],
                "managed_instance_group_urls": [
                  "https://www.googleapis.com/compute/v1/projects/at1xuior6obet2v08788vh0bhguprg/zones/us-central1-a/instanceGroups/gke-at1xuior6obet2v0-at1xuior6obet2v0-8d85dea6-grp",
                  "https://www.googleapis.com/compute/v1/projects/at1xuior6obet2v08788vh0bhguprg/zones/us-central1-c/instanceGroups/gke-at1xuior6obet2v0-at1xuior6obet2v0-7024c86c-grp",
                  "https://www.googleapis.com/compute/v1/projects/at1xuior6obet2v08788vh0bhguprg/zones/us-central1-b/instanceGroups/gke-at1xuior6obet2v0-at1xuior6obet2v0-dc6617cd-grp"
                ],
                "management": [
                  {
                    "auto_repair": true,
                    "auto_upgrade": true
                  }
                ],
                "max_pods_per_node": 0,
                "name": "at1xuior6obet2v08788vh0bhguprg-gke",
                "name_prefix": "",
                "node_config": [
                  {
                    "boot_disk_kms_key": "",
                    "disk_size_gb": 100,
                    "disk_type": "pd-balanced",
                    "gcfs_config": [],
                    "guest_accelerator": [],
                    "gvnic": [],
                    "image_type": "COS_CONTAINERD",
                    "labels": {
                      "env": "at1xuior6obet2v08788vh0bhguprg"
                    },
                    "local_ssd_count": 0,
                    "machine_type": "n1-standard-1",
                    "metadata": {
                      "disable-legacy-endpoints": "true"
                    },
                    "min_cpu_platform": "",
                    "node_group": "",
                    "oauth_scopes": [
                      "https://www.googleapis.com/auth/logging.write",
                      "https://www.googleapis.com/auth/monitoring"
                    ],
                    "preemptible": false,
                    "service_account": "default",
                    "shielded_instance_config": [
                      {
                        "enable_integrity_monitoring": true,
                        "enable_secure_boot": false
                      }
                    ],
                    "spot": false,
                    "tags": [
                      "gke-node",
                      "at1xuior6obet2v08788vh0bhguprg-gke"
                    ],
                    "taint": [],
                    "workload_metadata_config": []
                  }
                ],
                "node_count": 1,
                "node_locations": [
                  "us-central1-a",
                  "us-central1-b",
                  "us-central1-c"
                ],
                "upgrade_settings": [
                  {
                    "max_surge": 1,
                    "max_unavailable": 0
                  }
                ],
                "version": "1.24.9-gke.3200"
              }
            ],
            "node_version": "1.24.9-gke.3200",
            "operation": null,
            "private_cluster_config": [
              {
                "enable_private_endpoint": false,
                "enable_private_nodes": false,
                "master_global_access_config": [
                  {
                    "enabled": false
                  }
                ],
                "master_ipv4_cidr_block": "",
                "peering_name": "",
                "private_endpoint": "10.10.0.2",
                "public_endpoint": "34.66.247.223"
              }
            ],
            "private_ipv6_google_access": "",
            "project": "at1xuior6obet2v08788vh0bhguprg",
            "release_channel": [
              {
                "channel": "REGULAR"
              }
            ],
            "remove_default_node_pool": true,
            "resource_labels": {},
            "resource_usage_export_config": [],
            "self_link": "https://container.googleapis.com/v1/projects/at1xuior6obet2v08788vh0bhguprg/locations/us-central1/clusters/at1xuior6obet2v08788vh0bhguprg-gke",
            "services_ipv4_cidr": "10.127.240.0/20",
            "subnetwork": "projects/at1xuior6obet2v08788vh0bhguprg/regions/us-central1/subnetworks/at1xuior6obet2v08788vh0bhguprg-subnet",
            "timeouts": null,
            "tpu_ipv4_cidr_block": "",
            "vertical_pod_autoscaling": [],
            "workload_identity_config": []
          },
          "sensitive_attributes": [],
          "private": "eyJlMmJmYjczMC1lY2FhLTExZTYtOGY4OC0zNDM2M2JjN2M0YzAiOnsiY3JlYXRlIjoyNDAwMDAwMDAwMDAwLCJkZWxldGUiOjI0MDAwMDAwMDAwMDAsInJlYWQiOjI0MDAwMDAwMDAwMDAsInVwZGF0ZSI6MzYwMDAwMDAwMDAwMH0sInNjaGVtYV92ZXJzaW9uIjoiMSJ9",
          "dependencies": [
            "google_compute_network.vpc",
            "google_compute_subnetwork.subnet"
          ]
        }
      ]
    },
    {
      "mode": "managed",
      "type": "google_container_node_pool",
      "name": "primary_nodes",
      "provider": "provider[\"registry.terraform.io/hashicorp/google\"]",
      "instances": [
        {
          "schema_version": 1,
          "attributes": {
            "autoscaling": [],
            "cluster": "at1xuior6obet2v08788vh0bhguprg-gke",
            "id": "projects/at1xuior6obet2v08788vh0bhguprg/locations/us-central1/clusters/at1xuior6obet2v08788vh0bhguprg-gke/nodePools/at1xuior6obet2v08788vh0bhguprg-gke",
            "initial_node_count": 1,
            "instance_group_urls": [
              "https://www.googleapis.com/compute/v1/projects/at1xuior6obet2v08788vh0bhguprg/zones/us-central1-a/instanceGroupManagers/gke-at1xuior6obet2v0-at1xuior6obet2v0-8d85dea6-grp",
              "https://www.googleapis.com/compute/v1/projects/at1xuior6obet2v08788vh0bhguprg/zones/us-central1-c/instanceGroupManagers/gke-at1xuior6obet2v0-at1xuior6obet2v0-7024c86c-grp",
              "https://www.googleapis.com/compute/v1/projects/at1xuior6obet2v08788vh0bhguprg/zones/us-central1-b/instanceGroupManagers/gke-at1xuior6obet2v0-at1xuior6obet2v0-dc6617cd-grp"
            ],
            "location": "us-central1",
            "managed_instance_group_urls": [
              "https://www.googleapis.com/compute/v1/projects/at1xuior6obet2v08788vh0bhguprg/zones/us-central1-a/instanceGroups/gke-at1xuior6obet2v0-at1xuior6obet2v0-8d85dea6-grp",
              "https://www.googleapis.com/compute/v1/projects/at1xuior6obet2v08788vh0bhguprg/zones/us-central1-c/instanceGroups/gke-at1xuior6obet2v0-at1xuior6obet2v0-7024c86c-grp",
              "https://www.googleapis.com/compute/v1/projects/at1xuior6obet2v08788vh0bhguprg/zones/us-central1-b/instanceGroups/gke-at1xuior6obet2v0-at1xuior6obet2v0-dc6617cd-grp"
            ],
            "management": [
              {
                "auto_repair": true,
                "auto_upgrade": true
              }
            ],
            "max_pods_per_node": null,
            "name": "at1xuior6obet2v08788vh0bhguprg-gke",
            "name_prefix": "",
            "node_config": [
              {
                "boot_disk_kms_key": "",
                "disk_size_gb": 100,
                "disk_type": "pd-balanced",
                "gcfs_config": [],
                "guest_accelerator": [],
                "gvnic": [],
                "image_type": "COS_CONTAINERD",
                "labels": {
                  "env": "at1xuior6obet2v08788vh0bhguprg"
                },
                "local_ssd_count": 0,
                "machine_type": "n1-standard-1",
                "metadata": {
                  "disable-legacy-endpoints": "true"
                },
                "min_cpu_platform": "",
                "node_group": "",
                "oauth_scopes": [
                  "https://www.googleapis.com/auth/logging.write",
                  "https://www.googleapis.com/auth/monitoring"
                ],
                "preemptible": false,
                "service_account": "default",
                "shielded_instance_config": [
                  {
                    "enable_integrity_monitoring": true,
                    "enable_secure_boot": false
                  }
                ],
                "spot": false,
                "tags": [
                  "gke-node",
                  "at1xuior6obet2v08788vh0bhguprg-gke"
                ],
                "taint": [],
                "workload_metadata_config": []
              }
            ],
            "node_count": 1,
            "node_locations": [
              "us-central1-a",
              "us-central1-b",
              "us-central1-c"
            ],
            "operation": null,
            "project": "at1xuior6obet2v08788vh0bhguprg",
            "timeouts": null,
            "upgrade_settings": [
              {
                "max_surge": 1,
                "max_unavailable": 0
              }
            ],
            "version": "1.24.9-gke.3200"
          },
          "sensitive_attributes": [],
          "private": "eyJlMmJmYjczMC1lY2FhLTExZTYtOGY4OC0zNDM2M2JjN2M0YzAiOnsiY3JlYXRlIjoxODAwMDAwMDAwMDAwLCJkZWxldGUiOjE4MDAwMDAwMDAwMDAsInVwZGF0ZSI6MTgwMDAwMDAwMDAwMH0sInNjaGVtYV92ZXJzaW9uIjoiMSJ9",
          "dependencies": [
            "google_compute_network.vpc",
            "google_compute_subnetwork.subnet",
            "google_container_cluster.primary"
          ]
        }
      ]
    }
  ],
  "check_results": null
}
