{
  "version": 4,
  "terraform_version": "1.4.2",
  "serial": 16,
  "lineage": "59e44e5c-5210-96bf-cad6-3442359ec492",
  "outputs": {
    "lb_ip": {
      "value": "35.192.169.244",
      "type": "string"
    }
  },
  "resources": [
    {
      "mode": "data",
      "type": "google_client_config",
      "name": "default",
      "provider": "provider[\"registry.terraform.io/hashicorp/google\"]",
      "instances": [
        {
          "schema_version": 0,
          "attributes": {
            "access_token": "ya29.a0Ael9sCO_BYYqWsR1-dhL5hpFDvW_TVM017ScwwjMogDxsvvAugRBaZik-BBtOM9Tutn7WFmJgfMqym2z5kUrurUiSK4dhkhv7NHAmbPLP8R-qIj79oW8nS5a1ZOD5jSA5jgC4yeUPmOFgnw0MXbgeQEyviKh73UaCgYKATUSARISFQF4udJhZjbebBxXhKsKWOG_-mr3pg0166",
            "id": "projects/at1xuior6obet2v08788vh0bhguprg/regions/us-central1/zones/",
            "project": "at1xuior6obet2v08788vh0bhguprg",
            "region": "us-central1",
            "zone": ""
          },
          "sensitive_attributes": []
        }
      ]
    },
    {
      "mode": "data",
      "type": "google_container_cluster",
      "name": "my_cluster",
      "provider": "provider[\"registry.terraform.io/hashicorp/google\"]",
      "instances": [
        {
          "schema_version": 0,
          "attributes": {
            "addons_config": [
              {
                "cloudrun_config": [],
                "horizontal_pod_autoscaling": [],
                "http_load_balancing": [],
                "network_policy_config": [
                  {
                    "disabled": true
                  }
                ]
              }
            ],
            "authenticator_groups_config": [],
            "cluster_autoscaling": [
              {
                "auto_provisioning_defaults": [],
                "enabled": false,
                "resource_limits": []
              }
            ],
            "cluster_ipv4_cidr": "10.124.0.0/14",
            "database_encryption": [
              {
                "key_name": "",
                "state": "DECRYPTED"
              }
            ],
            "default_max_pods_per_node": null,
            "description": "",
            "enable_binary_authorization": false,
            "enable_intranode_visibility": null,
            "enable_kubernetes_alpha": false,
            "enable_legacy_abac": false,
            "enable_shielded_nodes": true,
            "enable_tpu": null,
            "endpoint": "34.66.247.223",
            "id": "projects/at1xuior6obet2v08788vh0bhguprg/locations/us-central1/clusters/at1xuior6obet2v08788vh0bhguprg-gke",
            "initial_node_count": 1,
            "instance_group_urls": [
              "https://www.googleapis.com/compute/v1/projects/at1xuior6obet2v08788vh0bhguprg/zones/us-central1-a/instanceGroups/gke-at1xuior6obet2v0-at1xuior6obet2v0-08bfc029-grp",
              "https://www.googleapis.com/compute/v1/projects/at1xuior6obet2v08788vh0bhguprg/zones/us-central1-c/instanceGroups/gke-at1xuior6obet2v0-at1xuior6obet2v0-be2c1960-grp",
              "https://www.googleapis.com/compute/v1/projects/at1xuior6obet2v08788vh0bhguprg/zones/us-central1-b/instanceGroups/gke-at1xuior6obet2v0-at1xuior6obet2v0-2c47d715-grp"
            ],
            "ip_allocation_policy": [],
            "label_fingerprint": "a9dc16a7",
            "location": "us-central1",
            "logging_service": "logging.googleapis.com/kubernetes",
            "maintenance_policy": [],
            "master_auth": [
              {
                "client_certificate": "",
                "client_certificate_config": [
                  {
                    "issue_client_certificate": false
                  }
                ],
                "client_key": "",
                "cluster_ca_certificate": "LS0tLS1CRUdJTiBDRVJUSUZJQ0FURS0tLS0tCk1JSUVMVENDQXBXZ0F3SUJBZ0lSQVBYSjVHaUxqeDkxdFJwZlRuZXZiaFl3RFFZSktvWklodmNOQVFFTEJRQXcKTHpFdE1Dc0dBMVVFQXhNa1lqWmpZalUyT1dJdE9XRTFOeTAwTURFMExUbGtZVE10WVRreE1tWXpOakJrTURGagpNQ0FYRFRJek1ETXlOVEV4TWpVd00xb1lEekl3TlRNd016RTNNVEl5TlRBeldqQXZNUzB3S3dZRFZRUURFeVJpCk5tTmlOVFk1WWkwNVlUVTNMVFF3TVRRdE9XUmhNeTFoT1RFeVpqTTJNR1F3TVdNd2dnR2lNQTBHQ1NxR1NJYjMKRFFFQkFRVUFBNElCandBd2dnR0tBb0lCZ1FEamxYWEJmTnBYcmtrQXo0Qi84dTZEZGlKOSswcmd4dGlyQnZsUgpLcmpsMUxtM0FZM1g5bFNrUHJzWTB1VTlzN2ZXQ3ZTRk5FTFVnR3U2aFJnclVBbDBWM3V4QTF1NW84eDlkYWZkCmJSV25KQ1lRRWx5blpZV2h6VmxvR0JseHJmRW8rZVVxc0VhYWx5NTd2RzFjZ1E5b2tyZ2lIczA1SGgrSmhsc3EKa1EyMkdXMU0vZmx5UU1ZVDhYbmZMWEFJWVI0Y2hWTjRTZmoyWlBqYTd6a1RLbHRrQzNZOFRvNkUyOXJjVUs2QwpLVERHd045VDIvbXVKZU9NWHBnZ1J4aTcxUDgxSy9QZGxuaVdQNllvV2pPZStZWDF5aFZsSTArZnNEMUVVTlN5CjVIYzRUMkpqZSsvbE5lMWpnOENJWm02Rjc0T1h1YU5oc3dyNmdaMDZWMTZ4RDM1QkduamFlbkN4cUNLblpEc2gKMU9qcGprTkFNd3djaFNsa2w2SW56OE5DdjZnN29DbXVFbWpBdGpVYStxNUN4aHV4RlJIYnc1K2JnOXpTWnlneAp1VjdkMzRLeXNURjRSeU1PNStkMjEvb0xWUnYzRkFETGxkeCtUcENEbS9RNW0rVG42TkFHUzlLRmdpNkhXbUNRCk9tNi9ySnQveVYvczF2WVFHamIzZEtOdGFIMENBd0VBQWFOQ01FQXdEZ1lEVlIwUEFRSC9CQVFEQWdJRU1BOEcKQTFVZEV3RUIvd1FGTUFNQkFmOHdIUVlEVlIwT0JCWUVGQ0ZxVE1ES2RVYjBFWXkwRmdscHg2ME5WdXluTUEwRwpDU3FHU0liM0RRRUJDd1VBQTRJQmdRQTBIVllGR0NjQW45c1FMdHd6S01TanV6RHBKK1hkay9oVE5xNU9PamJuCkZ6eEZ1RExzQ212bzFMMzlXVktyUmJUNUFMQmJMMU0vUll0Zlh1SzRrK1g5bldoT3ZIMy9CU3AyNFV1Z2dRSmoKazAxazRSbTZBU0lSYTRjT2ZMbFNFbVBzVlQ2ZEdYNFFQMGhlL0s2cEd1Z0RuLzJlVmFYZm10S0Y4SlEwUDRJcwpEb1djTlBOSG5QOXdQcG1qRGlPWDJ0MUpIa3NlaDVqeDlWd2pnNHpYSGttNU50YmozYmxRd1NxWmtIcmZFYjE4CjV1WU5MbVlGVkFIVkJVczFjc09iTTdoYlRRYW5FVmxBbm01aVcvNlRaZExyVFltaVNvbkFOL0JFdXo2L2xSeTUKL1ZsOTNBTENiKzlNZlpaT0xlV25CcytPaFVIV2FTcWs0K0RDU25vVTlZSG4xaG5BMi90L3B2TDh0emdXWTRTagpGRm1DUjQ3eHZEaDludGVDbnFMeldqblVIMVV1MldUdVBEU3pwVHJkb0dOcVdsVW9NRHc3NFMvQjNORDkrQm9UCndlVjNrcEc2ZUdlVzF6QmwvS1U5ckl4NmhXWTVsMStHR0JrQUJnWUI5T2k4ek5sL0J4eVFkdm9xYTE4bUtKVHMKd1BYbG4yT3V0T2pvaDRYZzZMN0FiczA9Ci0tLS0tRU5EIENFUlRJRklDQVRFLS0tLS0K",
                "password": "",
                "username": ""
              }
            ],
            "master_authorized_networks_config": [],
            "master_version": "1.24.9-gke.3200",
            "min_master_version": null,
            "monitoring_service": "monitoring.googleapis.com/kubernetes",
            "name": "at1xuior6obet2v08788vh0bhguprg-gke",
            "network": "projects/at1xuior6obet2v08788vh0bhguprg/global/networks/at1xuior6obet2v08788vh0bhguprg-vpc",
            "network_policy": [
              {
                "enabled": false,
                "provider": "PROVIDER_UNSPECIFIED"
              }
            ],
            "node_config": [
              {
                "disk_size_gb": 100,
                "disk_type": "pd-balanced",
                "guest_accelerator": [],
                "image_type": "COS_CONTAINERD",
                "labels": {
                  "env": "at1xuior6obet2v08788vh0bhguprg"
                },
                "local_ssd_count": 0,
                "machine_type": "n1-standard-1",
                "metadata": {
                  "disable-legacy-endpoints": "true"
                },
                "min_cpu_platform": "",
                "oauth_scopes": [
                  "https://www.googleapis.com/auth/cloud-platform",
                  "https://www.googleapis.com/auth/logging.write",
                  "https://www.googleapis.com/auth/monitoring"
                ],
                "preemptible": false,
                "service_account": "default",
                "shielded_instance_config": [
                  {
                    "enable_integrity_monitoring": true,
                    "enable_secure_boot": false
                  }
                ],
                "tags": [
                  "gke-node",
                  "at1xuior6obet2v08788vh0bhguprg-gke"
                ],
                "taint": [],
                "workload_metadata_config": []
              }
            ],
            "node_locations": [
              "us-central1-a",
              "us-central1-b",
              "us-central1-c"
            ],
            "node_pool": [
              {
                "autoscaling": [],
                "initial_node_count": 1,
                "instance_group_urls": [
                  "https://www.googleapis.com/compute/v1/projects/at1xuior6obet2v08788vh0bhguprg/zones/us-central1-a/instanceGroupManagers/gke-at1xuior6obet2v0-at1xuior6obet2v0-08bfc029-grp",
                  "https://www.googleapis.com/compute/v1/projects/at1xuior6obet2v08788vh0bhguprg/zones/us-central1-c/instanceGroupManagers/gke-at1xuior6obet2v0-at1xuior6obet2v0-be2c1960-grp",
                  "https://www.googleapis.com/compute/v1/projects/at1xuior6obet2v08788vh0bhguprg/zones/us-central1-b/instanceGroupManagers/gke-at1xuior6obet2v0-at1xuior6obet2v0-2c47d715-grp"
                ],
                "management": [
                  {
                    "auto_repair": true,
                    "auto_upgrade": true
                  }
                ],
                "max_pods_per_node": 0,
                "name": "at1xuior6obet2v08788vh0bhguprg-gke",
                "name_prefix": "",
                "node_config": [
                  {
                    "disk_size_gb": 100,
                    "disk_type": "pd-balanced",
                    "guest_accelerator": [],
                    "image_type": "COS_CONTAINERD",
                    "labels": {
                      "env": "at1xuior6obet2v08788vh0bhguprg"
                    },
                    "local_ssd_count": 0,
                    "machine_type": "n1-standard-1",
                    "metadata": {
                      "disable-legacy-endpoints": "true"
                    },
                    "min_cpu_platform": "",
                    "oauth_scopes": [
                      "https://www.googleapis.com/auth/cloud-platform",
                      "https://www.googleapis.com/auth/logging.write",
                      "https://www.googleapis.com/auth/monitoring"
                    ],
                    "preemptible": false,
                    "service_account": "default",
                    "shielded_instance_config": [
                      {
                        "enable_integrity_monitoring": true,
                        "enable_secure_boot": false
                      }
                    ],
                    "tags": [
                      "gke-node",
                      "at1xuior6obet2v08788vh0bhguprg-gke"
                    ],
                    "taint": [],
                    "workload_metadata_config": []
                  }
                ],
                "node_count": 1,
                "node_locations": [
                  "us-central1-a",
                  "us-central1-b",
                  "us-central1-c"
                ],
                "upgrade_settings": [
                  {
                    "max_surge": 1,
                    "max_unavailable": 0
                  }
                ],
                "version": "1.24.9-gke.3200"
              }
            ],
            "node_version": "1.24.9-gke.3200",
            "operation": null,
            "pod_security_policy_config": null,
            "private_cluster_config": [
              {
                "enable_private_endpoint": false,
                "enable_private_nodes": false,
                "master_ipv4_cidr_block": "",
                "peering_name": "",
                "private_endpoint": "10.10.0.2",
                "public_endpoint": "34.66.247.223"
              }
            ],
            "project": "at1xuior6obet2v08788vh0bhguprg",
            "release_channel": [
              {
                "channel": "REGULAR"
              }
            ],
            "remove_default_node_pool": null,
            "resource_labels": {},
            "resource_usage_export_config": [],
            "self_link": "https://container.googleapis.com/v1beta1/projects/at1xuior6obet2v08788vh0bhguprg/locations/us-central1/clusters/at1xuior6obet2v08788vh0bhguprg-gke",
            "services_ipv4_cidr": "10.127.240.0/20",
            "subnetwork": "projects/at1xuior6obet2v08788vh0bhguprg/regions/us-central1/subnetworks/at1xuior6obet2v08788vh0bhguprg-subnet",
            "vertical_pod_autoscaling": [],
            "workload_identity_config": []
          },
          "sensitive_attributes": []
        }
      ]
    },
    {
      "mode": "data",
      "type": "terraform_remote_state",
      "name": "gke",
      "provider": "provider[\"terraform.io/builtin/terraform\"]",
      "instances": [
        {
          "schema_version": 0,
          "attributes": {
            "backend": "local",
            "config": {
              "value": {
                "path": "../learn-terraform-provision-gke-cluster/terraform.tfstate"
              },
              "type": [
                "object",
                {
                  "path": "string"
                }
              ]
            },
            "defaults": null,
            "outputs": {
              "value": {
                "kubernetes_cluster_host": "34.66.247.223",
                "kubernetes_cluster_name": "at1xuior6obet2v08788vh0bhguprg-gke",
                "project_id": "at1xuior6obet2v08788vh0bhguprg",
                "region": "us-central1"
              },
              "type": [
                "object",
                {
                  "kubernetes_cluster_host": "string",
                  "kubernetes_cluster_name": "string",
                  "project_id": "string",
                  "region": "string"
                }
              ]
            },
            "workspace": null
          },
          "sensitive_attributes": []
        }
      ]
    },
    {
      "mode": "managed",
      "type": "kubernetes_deployment",
      "name": "vue-app",
      "provider": "provider[\"registry.terraform.io/hashicorp/kubernetes\"]",
      "instances": [
        {
          "schema_version": 1,
          "attributes": {
            "id": "default/vue-app-deployment",
            "metadata": [
              {
                "annotations": {},
                "generate_name": "",
                "generation": 1,
                "labels": {
                  "App": "vue-app"
                },
                "name": "vue-app-deployment",
                "namespace": "default",
                "resource_version": "50236",
                "uid": "540bd015-2245-4dae-ba64-56705c2d2a06"
              }
            ],
            "spec": [
              {
                "min_ready_seconds": 0,
                "paused": false,
                "progress_deadline_seconds": 600,
                "replicas": "2",
                "revision_history_limit": 10,
                "selector": [
                  {
                    "match_expressions": [],
                    "match_labels": {
                      "App": "vue-app"
                    }
                  }
                ],
                "strategy": [
                  {
                    "rolling_update": [
                      {
                        "max_surge": "25%",
                        "max_unavailable": "25%"
                      }
                    ],
                    "type": "RollingUpdate"
                  }
                ],
                "template": [
                  {
                    "metadata": [
                      {
                        "annotations": {},
                        "generate_name": "",
                        "generation": 0,
                        "labels": {
                          "App": "vue-app"
                        },
                        "name": "",
                        "namespace": "",
                        "resource_version": "",
                        "uid": ""
                      }
                    ],
                    "spec": [
                      {
                        "active_deadline_seconds": 0,
                        "affinity": [],
                        "automount_service_account_token": true,
                        "container": [
                          {
                            "args": [],
                            "command": [],
                            "env": [],
                            "env_from": [],
                            "image": "europe-southwest1-docker.pkg.dev/at1xuior6obet2v08788vh0bhguprg/docker-repo/vue-app:1.0.0",
                            "image_pull_policy": "IfNotPresent",
                            "lifecycle": [],
                            "liveness_probe": [],
                            "name": "vue-app",
                            "port": [
                              {
                                "container_port": 3000,
                                "host_ip": "",
                                "host_port": 0,
                                "name": "",
                                "protocol": "TCP"
                              }
                            ],
                            "readiness_probe": [],
                            "resources": [
                              {
                                "limits": {
                                  "cpu": "500m",
                                  "memory": "512Mi"
                                },
                                "requests": {
                                  "cpu": "250m",
                                  "memory": "50Mi"
                                }
                              }
                            ],
                            "security_context": [],
                            "startup_probe": [],
                            "stdin": false,
                            "stdin_once": false,
                            "termination_message_path": "/dev/termination-log",
                            "termination_message_policy": "File",
                            "tty": false,
                            "volume_mount": [],
                            "working_dir": ""
                          }
                        ],
                        "dns_config": [],
                        "dns_policy": "ClusterFirst",
                        "enable_service_links": true,
                        "host_aliases": [],
                        "host_ipc": false,
                        "host_network": false,
                        "host_pid": false,
                        "hostname": "",
                        "image_pull_secrets": [],
                        "init_container": [],
                        "node_name": "",
                        "node_selector": {},
                        "priority_class_name": "",
                        "readiness_gate": [],
                        "restart_policy": "Always",
                        "runtime_class_name": "",
                        "scheduler_name": "default-scheduler",
                        "security_context": [],
                        "service_account_name": "",
                        "share_process_namespace": false,
                        "subdomain": "",
                        "termination_grace_period_seconds": 30,
                        "toleration": [],
                        "topology_spread_constraint": [],
                        "volume": []
                      }
                    ]
                  }
                ]
              }
            ],
            "timeouts": null,
            "wait_for_rollout": true
          },
          "sensitive_attributes": [],
          "private": "eyJlMmJmYjczMC1lY2FhLTExZTYtOGY4OC0zNDM2M2JjN2M0YzAiOnsiY3JlYXRlIjo2MDAwMDAwMDAwMDAsImRlbGV0ZSI6NjAwMDAwMDAwMDAwLCJ1cGRhdGUiOjYwMDAwMDAwMDAwMH0sInNjaGVtYV92ZXJzaW9uIjoiMSJ9",
          "dependencies": [
            "data.google_client_config.default",
            "data.google_container_cluster.my_cluster",
            "data.terraform_remote_state.gke"
          ]
        }
      ]
    },
    {
      "mode": "managed",
      "type": "kubernetes_service",
      "name": "vue-app-svc",
      "provider": "provider[\"registry.terraform.io/hashicorp/kubernetes\"]",
      "instances": [
        {
          "schema_version": 1,
          "attributes": {
            "id": "default/vue-app-svc",
            "metadata": [
              {
                "annotations": {},
                "generate_name": "",
                "generation": 0,
                "labels": {},
                "name": "vue-app-svc",
                "namespace": "default",
                "resource_version": "52164",
                "uid": "377a8414-79aa-48b6-95f3-a977b0259af8"
              }
            ],
            "spec": [
              {
                "allocate_load_balancer_node_ports": true,
                "cluster_ip": "10.127.251.181",
                "cluster_ips": [
                  "10.127.251.181"
                ],
                "external_ips": [],
                "external_name": "",
                "external_traffic_policy": "Cluster",
                "health_check_node_port": 0,
                "internal_traffic_policy": "Cluster",
                "ip_families": [
                  "IPv4"
                ],
                "ip_family_policy": "SingleStack",
                "load_balancer_class": "",
                "load_balancer_ip": "",
                "load_balancer_source_ranges": [],
                "port": [
                  {
                    "app_protocol": "",
                    "name": "",
                    "node_port": 32559,
                    "port": 3000,
                    "protocol": "TCP",
                    "target_port": "3000"
                  }
                ],
                "publish_not_ready_addresses": false,
                "selector": {
                  "App": "vue-app"
                },
                "session_affinity": "None",
                "session_affinity_config": [],
                "type": "LoadBalancer"
              }
            ],
            "status": [
              {
                "load_balancer": [
                  {
                    "ingress": [
                      {
                        "hostname": "",
                        "ip": "35.192.169.244"
                      }
                    ]
                  }
                ]
              }
            ],
            "timeouts": null,
            "wait_for_load_balancer": true
          },
          "sensitive_attributes": [],
          "private": "eyJlMmJmYjczMC1lY2FhLTExZTYtOGY4OC0zNDM2M2JjN2M0YzAiOnsiY3JlYXRlIjo2MDAwMDAwMDAwMDB9LCJzY2hlbWFfdmVyc2lvbiI6IjEifQ==",
          "dependencies": [
            "data.google_client_config.default",
            "data.google_container_cluster.my_cluster",
            "data.terraform_remote_state.gke",
            "kubernetes_deployment.vue-app"
          ]
        }
      ]
    }
  ],
  "check_results": null
}
